
Microsoft Visual Studio Solution File, Format Version 12.00
Project("{FAE04EC0-301F-11D3-BF4B-00C04F79EFBC}") = "DrawDownMQ.Tests", "DrawDownMQ.Tests\DrawDownMQ.Tests.csproj", "{BA3EE38E-E4C6-42CE-BAC4-F985389D8D4F}"
EndProject
Project("{FAE04EC0-301F-11D3-BF4B-00C04F79EFBC}") = "DrawDownMQ.Common", "DrawDownMQ.Common\DrawDownMQ.Common.csproj", "{1C62B92C-AC25-44CA-B199-A44EC061C425}"
EndProject
Project("{2150E333-8FDC-42A3-9474-1A3956D46DE8}") = "DrawDownMQ.Connection", "DrawDownMQ.Connection", "{33CE8BFF-7009-4E68-94E6-33A25EABE1E1}"
EndProject
Project("{FAE04EC0-301F-11D3-BF4B-00C04F79EFBC}") = "DrawDownMQ.Connection.Transport", "DrawDownMQ.Connection.Transport\DrawDownMQ.Connection.Transport.csproj", "{E5B64BB1-2121-482B-A07F-FAE62A32596B}"
EndProject
Project("{FAE04EC0-301F-11D3-BF4B-00C04F79EFBC}") = "DrawDownMQ.Connection.Session", "DrawDownMQ.Connection.Session\DrawDownMQ.Connection.Session.csproj", "{928B2CE0-2D82-4C68-B55C-8D6856B3A0A1}"
EndProject
Project("{FAE04EC0-301F-11D3-BF4B-00C04F79EFBC}") = "DrawDownMQ.Connection.Presentation", "DrawDownMQ.Connection.Presentation\DrawDownMQ.Connection.Presentation.csproj", "{F479F1A8-48CB-437D-ACC3-4BF9E656880E}"
EndProject
Project("{FAE04EC0-301F-11D3-BF4B-00C04F79EFBC}") = "DrawDownMQ.Connection.Application", "DrawDownMQ.Connection.Application\DrawDownMQ.Connection.Application.csproj", "{5DD715C9-1C9B-4587-96A8-FBFB96C505F0}"
EndProject
Project("{FAE04EC0-301F-11D3-BF4B-00C04F79EFBC}") = "DrawDownMQ.Connection.Abstractions", "DrawDownMQ.Connection.Abstractions\DrawDownMQ.Connection.Abstractions.csproj", "{2F17BF68-6268-408B-8751-0A8C51F19888}"
EndProject
Project("{FAE04EC0-301F-11D3-BF4B-00C04F79EFBC}") = "DrawDownMQ.Connection.Common", "DrawDownMQ.Connection.Common\DrawDownMQ.Connection.Common.csproj", "{C76B9785-0196-4236-9AD7-5BF3FDE6C249}"
EndProject
Project("{2150E333-8FDC-42A3-9474-1A3956D46DE8}") = "tests", "tests", "{A96AEEDC-BDE3-4740-AC5B-F60F737C1791}"
EndProject
Project("{2150E333-8FDC-42A3-9474-1A3956D46DE8}") = "src", "src", "{B9B19A67-8FA9-49B7-9760-7B3A5191A765}"
EndProject
Global
	GlobalSection(SolutionConfigurationPlatforms) = preSolution
		Debug|Any CPU = Debug|Any CPU
		Release|Any CPU = Release|Any CPU
	EndGlobalSection
	GlobalSection(ProjectConfigurationPlatforms) = postSolution
		{BA3EE38E-E4C6-42CE-BAC4-F985389D8D4F}.Debug|Any CPU.ActiveCfg = Debug|Any CPU
		{BA3EE38E-E4C6-42CE-BAC4-F985389D8D4F}.Debug|Any CPU.Build.0 = Debug|Any CPU
		{BA3EE38E-E4C6-42CE-BAC4-F985389D8D4F}.Release|Any CPU.ActiveCfg = Release|Any CPU
		{BA3EE38E-E4C6-42CE-BAC4-F985389D8D4F}.Release|Any CPU.Build.0 = Release|Any CPU
		{1C62B92C-AC25-44CA-B199-A44EC061C425}.Debug|Any CPU.ActiveCfg = Debug|Any CPU
		{1C62B92C-AC25-44CA-B199-A44EC061C425}.Debug|Any CPU.Build.0 = Debug|Any CPU
		{1C62B92C-AC25-44CA-B199-A44EC061C425}.Release|Any CPU.ActiveCfg = Release|Any CPU
		{1C62B92C-AC25-44CA-B199-A44EC061C425}.Release|Any CPU.Build.0 = Release|Any CPU
		{E5B64BB1-2121-482B-A07F-FAE62A32596B}.Debug|Any CPU.ActiveCfg = Debug|Any CPU
		{E5B64BB1-2121-482B-A07F-FAE62A32596B}.Debug|Any CPU.Build.0 = Debug|Any CPU
		{E5B64BB1-2121-482B-A07F-FAE62A32596B}.Release|Any CPU.ActiveCfg = Release|Any CPU
		{E5B64BB1-2121-482B-A07F-FAE62A32596B}.Release|Any CPU.Build.0 = Release|Any CPU
		{928B2CE0-2D82-4C68-B55C-8D6856B3A0A1}.Debug|Any CPU.ActiveCfg = Debug|Any CPU
		{928B2CE0-2D82-4C68-B55C-8D6856B3A0A1}.Debug|Any CPU.Build.0 = Debug|Any CPU
		{928B2CE0-2D82-4C68-B55C-8D6856B3A0A1}.Release|Any CPU.ActiveCfg = Release|Any CPU
		{928B2CE0-2D82-4C68-B55C-8D6856B3A0A1}.Release|Any CPU.Build.0 = Release|Any CPU
		{F479F1A8-48CB-437D-ACC3-4BF9E656880E}.Debug|Any CPU.ActiveCfg = Debug|Any CPU
		{F479F1A8-48CB-437D-ACC3-4BF9E656880E}.Debug|Any CPU.Build.0 = Debug|Any CPU
		{F479F1A8-48CB-437D-ACC3-4BF9E656880E}.Release|Any CPU.ActiveCfg = Release|Any CPU
		{F479F1A8-48CB-437D-ACC3-4BF9E656880E}.Release|Any CPU.Build.0 = Release|Any CPU
		{5DD715C9-1C9B-4587-96A8-FBFB96C505F0}.Debug|Any CPU.ActiveCfg = Debug|Any CPU
		{5DD715C9-1C9B-4587-96A8-FBFB96C505F0}.Debug|Any CPU.Build.0 = Debug|Any CPU
		{5DD715C9-1C9B-4587-96A8-FBFB96C505F0}.Release|Any CPU.ActiveCfg = Release|Any CPU
		{5DD715C9-1C9B-4587-96A8-FBFB96C505F0}.Release|Any CPU.Build.0 = Release|Any CPU
		{2F17BF68-6268-408B-8751-0A8C51F19888}.Debug|Any CPU.ActiveCfg = Debug|Any CPU
		{2F17BF68-6268-408B-8751-0A8C51F19888}.Debug|Any CPU.Build.0 = Debug|Any CPU
		{2F17BF68-6268-408B-8751-0A8C51F19888}.Release|Any CPU.ActiveCfg = Release|Any CPU
		{2F17BF68-6268-408B-8751-0A8C51F19888}.Release|Any CPU.Build.0 = Release|Any CPU
		{C76B9785-0196-4236-9AD7-5BF3FDE6C249}.Debug|Any CPU.ActiveCfg = Debug|Any CPU
		{C76B9785-0196-4236-9AD7-5BF3FDE6C249}.Debug|Any CPU.Build.0 = Debug|Any CPU
		{C76B9785-0196-4236-9AD7-5BF3FDE6C249}.Release|Any CPU.ActiveCfg = Release|Any CPU
		{C76B9785-0196-4236-9AD7-5BF3FDE6C249}.Release|Any CPU.Build.0 = Release|Any CPU
	EndGlobalSection
	GlobalSection(NestedProjects) = preSolution
		{E5B64BB1-2121-482B-A07F-FAE62A32596B} = {33CE8BFF-7009-4E68-94E6-33A25EABE1E1}
		{928B2CE0-2D82-4C68-B55C-8D6856B3A0A1} = {33CE8BFF-7009-4E68-94E6-33A25EABE1E1}
		{F479F1A8-48CB-437D-ACC3-4BF9E656880E} = {33CE8BFF-7009-4E68-94E6-33A25EABE1E1}
		{5DD715C9-1C9B-4587-96A8-FBFB96C505F0} = {33CE8BFF-7009-4E68-94E6-33A25EABE1E1}
		{2F17BF68-6268-408B-8751-0A8C51F19888} = {33CE8BFF-7009-4E68-94E6-33A25EABE1E1}
		{C76B9785-0196-4236-9AD7-5BF3FDE6C249} = {33CE8BFF-7009-4E68-94E6-33A25EABE1E1}
		{BA3EE38E-E4C6-42CE-BAC4-F985389D8D4F} = {A96AEEDC-BDE3-4740-AC5B-F60F737C1791}
		{33CE8BFF-7009-4E68-94E6-33A25EABE1E1} = {B9B19A67-8FA9-49B7-9760-7B3A5191A765}
		{1C62B92C-AC25-44CA-B199-A44EC061C425} = {B9B19A67-8FA9-49B7-9760-7B3A5191A765}
	EndGlobalSection
EndGlobal
